// !$*UTF8*$!
{
	archiveVersion = 1;
	classes = {
	};
	objectVersion = 56;
	objects = {

/* Begin PBXBuildFile section */
		9B3004F32A1A9275000DD395 /* DodgePillowApp.swift in Sources */ = {isa = PBXBuildFile; fileRef = 9B3004F22A1A9275000DD395 /* DodgePillowApp.swift */; };
		9B3004F52A1A9275000DD395 /* ContentView.swift in Sources */ = {isa = PBXBuildFile; fileRef = 9B3004F42A1A9275000DD395 /* ContentView.swift */; };
		9B3004F72A1A9276000DD395 /* Assets.xcassets in Resources */ = {isa = PBXBuildFile; fileRef = 9B3004F62A1A9276000DD395 /* Assets.xcassets */; };
		9B3004FA2A1A9276000DD395 /* Preview Assets.xcassets in Resources */ = {isa = PBXBuildFile; fileRef = 9B3004F92A1A9276000DD395 /* Preview Assets.xcassets */; };
		9B3005022A1A92C7000DD395 /* Extensions.swift in Sources */ = {isa = PBXBuildFile; fileRef = 9B3005012A1A92C7000DD395 /* Extensions.swift */; };
		9B3005052A1A92F1000DD395 /* MainMenuScene.swift in Sources */ = {isa = PBXBuildFile; fileRef = 9B3005042A1A92F1000DD395 /* MainMenuScene.swift */; };
		9B587A222A1B21000037DC9D /* GamePlayScene.swift in Sources */ = {isa = PBXBuildFile; fileRef = 9B587A212A1B21000037DC9D /* GamePlayScene.swift */; };
/* End PBXBuildFile section */

/* Begin PBXFileReference section */
		9B3004EF2A1A9275000DD395 /* DodgePillow.app */ = {isa = PBXFileReference; explicitFileType = wrapper.application; includeInIndex = 0; path = DodgePillow.app; sourceTree = BUILT_PRODUCTS_DIR; };
		9B3004F22A1A9275000DD395 /* DodgePillowApp.swift */ = {isa = PBXFileReference; lastKnownFileType = sourcecode.swift; path = DodgePillowApp.swift; sourceTree = "<group>"; };
		9B3004F42A1A9275000DD395 /* ContentView.swift */ = {isa = PBXFileReference; lastKnownFileType = sourcecode.swift; path = ContentView.swift; sourceTree = "<group>"; };
		9B3004F62A1A9276000DD395 /* Assets.xcassets */ = {isa = PBXFileReference; lastKnownFileType = folder.assetcatalog; path = Assets.xcassets; sourceTree = "<group>"; };
		9B3004F92A1A9276000DD395 /* Preview Assets.xcassets */ = {isa = PBXFileReference; lastKnownFileType = folder.assetcatalog; path = "Preview Assets.xcassets"; sourceTree = "<group>"; };
		9B3005012A1A92C7000DD395 /* Extensions.swift */ = {isa = PBXFileReference; lastKnownFileType = sourcecode.swift; path = Extensions.swift; sourceTree = "<group>"; };
		9B3005042A1A92F1000DD395 /* MainMenuScene.swift */ = {isa = PBXFileReference; lastKnownFileType = sourcecode.swift; path = MainMenuScene.swift; sourceTree = "<group>"; };
		9B587A212A1B21000037DC9D /* GamePlayScene.swift */ = {isa = PBXFileReference; lastKnownFileType = sourcecode.swift; path = GamePlayScene.swift; sourceTree = "<group>"; };
/* End PBXFileReference section */

/* Begin PBXFrameworksBuildPhase section */
		9B3004EC2A1A9275000DD395 /* Frameworks */ = {
			isa = PBXFrameworksBuildPhase;
			buildActionMask = 2147483647;
			files = (
			);
			runOnlyForDeploymentPostprocessing = 0;
		};
/* End PBXFrameworksBuildPhase section */

/* Begin PBXGroup section */
		9B3004E62A1A9275000DD395 = {
			isa = PBXGroup;
			children = (
				9B3004F12A1A9275000DD395 /* DodgePillow */,
				9B3004F02A1A9275000DD395 /* Products */,
			);
			sourceTree = "<group>";
		};
		9B3004F02A1A9275000DD395 /* Products */ = {
			isa = PBXGroup;
			children = (
				9B3004EF2A1A9275000DD395 /* DodgePillow.app */,
			);
			name = Products;
			sourceTree = "<group>";
		};
		9B3004F12A1A9275000DD395 /* DodgePillow */ = {
			isa = PBXGroup;
			children = (
				9B587A202A1B20EB0037DC9D /* GamePlay */,
				9B3005062A1A94FD000DD395 /* Application */,
				9B3005032A1A92E1000DD395 /* MainMenu */,
				9B3005002A1A92B9000DD395 /* Utils */,
				9B3004F42A1A9275000DD395 /* ContentView.swift */,
				9B3004F62A1A9276000DD395 /* Assets.xcassets */,
				9B3004F82A1A9276000DD395 /* Preview Content */,
			);
			path = DodgePillow;
			sourceTree = "<group>";
		};
		9B3004F82A1A9276000DD395 /* Preview Content */ = {
			isa = PBXGroup;
			children = (
				9B3004F92A1A9276000DD395 /* Preview Assets.xcassets */,
			);
			path = "Preview Content";
			sourceTree = "<group>";
		};
		9B3005002A1A92B9000DD395 /* Utils */ = {
			isa = PBXGroup;
			children = (
				9B3005012A1A92C7000DD395 /* Extensions.swift */,
			);
			path = Utils;
			sourceTree = "<group>";
		};
		9B3005032A1A92E1000DD395 /* MainMenu */ = {
			isa = PBXGroup;
			children = (
				9B3005042A1A92F1000DD395 /* MainMenuScene.swift */,
			);
			path = MainMenu;
			sourceTree = "<group>";
		};
		9B3005062A1A94FD000DD395 /* Application */ = {
			isa = PBXGroup;
			children = (
				9B3004F22A1A9275000DD395 /* DodgePillowApp.swift */,
			);
			path = Application;
			sourceTree = "<group>";
		};
		9B587A202A1B20EB0037DC9D /* GamePlay */ = {
			isa = PBXGroup;
			children = (
				9B587A212A1B21000037DC9D /* GamePlayScene.swift */,
			);
			path = GamePlay;
			sourceTree = "<group>";
		};
/* End PBXGroup section */

/* Begin PBXNativeTarget section */
		9B3004EE2A1A9275000DD395 /* DodgePillow */ = {
			isa = PBXNativeTarget;
			buildConfigurationList = 9B3004FD2A1A9276000DD395 /* Build configuration list for PBXNativeTarget "DodgePillow" */;
			buildPhases = (
				9B3004EB2A1A9275000DD395 /* Sources */,
				9B3004EC2A1A9275000DD395 /* Frameworks */,
				9B3004ED2A1A9275000DD395 /* Resources */,
			);
			buildRules = (
			);
			dependencies = (
			);
			name = DodgePillow;
			productName = DodgePillow;
			productReference = 9B3004EF2A1A9275000DD395 /* DodgePillow.app */;
			productType = "com.apple.product-type.application";
		};
/* End PBXNativeTarget section */

/* Begin PBXProject section */
		9B3004E72A1A9275000DD395 /* Project object */ = {
			isa = PBXProject;
			attributes = {
				BuildIndependentTargetsInParallel = 1;
				LastSwiftUpdateCheck = 1430;
				LastUpgradeCheck = 1430;
				TargetAttributes = {
					9B3004EE2A1A9275000DD395 = {
						CreatedOnToolsVersion = 14.3;
					};
				};
			};
			buildConfigurationList = 9B3004EA2A1A9275000DD395 /* Build configuration list for PBXProject "DodgePillow" */;
			compatibilityVersion = "Xcode 14.0";
			developmentRegion = en;
			hasScannedForEncodings = 0;
			knownRegions = (
				en,
				Base,
			);
			mainGroup = 9B3004E62A1A9275000DD395;
			productRefGroup = 9B3004F02A1A9275000DD395 /* Products */;
			projectDirPath = "";
			projectRoot = "";
			targets = (
				9B3004EE2A1A9275000DD395 /* DodgePillow */,
			);
		};
/* End PBXProject section */

/* Begin PBXResourcesBuildPhase section */
		9B3004ED2A1A9275000DD395 /* Resources */ = {
			isa = PBXResourcesBuildPhase;
			buildActionMask = 2147483647;
			files = (
				9B3004FA2A1A9276000DD395 /* Preview Assets.xcassets in Resources */,
				9B3004F72A1A9276000DD395 /* Assets.xcassets in Resources */,
			);
			runOnlyForDeploymentPostprocessing = 0;
		};
/* End PBXResourcesBuildPhase section */

/* Begin PBXSourcesBuildPhase section */
		9B3004EB2A1A9275000DD395 /* Sources */ = {
			isa = PBXSourcesBuildPhase;
			buildActionMask = 2147483647;
			files = (
				9B3004F52A1A9275000DD395 /* ContentView.swift in Sources */,
				9B3005022A1A92C7000DD395 /* Extensions.swift in Sources */,
				9B3005052A1A92F1000DD395 /* MainMenuScene.swift in Sources */,
				9B3004F32A1A9275000DD395 /* DodgePillowApp.swift in Sources */,
				9B587A222A1B21000037DC9D /* GamePlayScene.swift in Sources */,
			);
			runOnlyForDeploymentPostprocessing = 0;
		};
/* End PBXSourcesBuildPhase section */

/* Begin XCBuildConfiguration section */
		9B3004FB2A1A9276000DD395 /* Debug */ = {
			isa = XCBuildConfiguration;
			buildSettings = {
				ALWAYS_SEARCH_USER_PATHS = NO;
				CLANG_ANALYZER_NONNULL = YES;
				CLANG_ANALYZER_NUMBER_OBJECT_CONVERSION = YES_AGGRESSIVE;
				CLANG_CXX_LANGUAGE_STANDARD = "gnu++20";
				CLANG_ENABLE_MODULES = YES;
				CLANG_ENABLE_OBJC_ARC = YES;
				CLANG_ENABLE_OBJC_WEAK = YES;
				CLANG_WARN_BLOCK_CAPTURE_AUTORELEASING = YES;
				CLANG_WARN_BOOL_CONVERSION = YES;
				CLANG_WARN_COMMA = YES;
				CLANG_WARN_CONSTANT_CONVERSION = YES;
				CLANG_WARN_DEPRECATED_OBJC_IMPLEMENTATIONS = YES;
				CLANG_WARN_DIRECT_OBJC_ISA_USAGE = YES_ERROR;
				CLANG_WARN_DOCUMENTATION_COMMENTS = YES;
				CLANG_WARN_EMPTY_BODY = YES;
				CLANG_WARN_ENUM_CONVERSION = YES;
				CLANG_WARN_INFINITE_RECURSION = YES;
				CLANG_WARN_INT_CONVERSION = YES;
				CLANG_WARN_NON_LITERAL_NULL_CONVERSION = YES;
				CLANG_WARN_OBJC_IMPLICIT_RETAIN_SELF = YES;
				CLANG_WARN_OBJC_LITERAL_CONVERSION = YES;
				CLANG_WARN_OBJC_ROOT_CLASS = YES_ERROR;
				CLANG_WARN_QUOTED_INCLUDE_IN_FRAMEWORK_HEADER = YES;
				CLANG_WARN_RANGE_LOOP_ANALYSIS = YES;
				CLANG_WARN_STRICT_PROTOTYPES = YES;
				CLANG_WARN_SUSPICIOUS_MOVE = YES;
				CLANG_WARN_UNGUARDED_AVAILABILITY = YES_AGGRESSIVE;
				CLANG_WARN_UNREACHABLE_CODE = YES;
				CLANG_WARN__DUPLICATE_METHOD_MATCH = YES;
				COPY_PHASE_STRIP = NO;
				DEBUG_INFORMATION_FORMAT = dwarf;
				ENABLE_STRICT_OBJC_MSGSEND = YES;
				ENABLE_TESTABILITY = YES;
				GCC_C_LANGUAGE_STANDARD = gnu11;
				GCC_DYNAMIC_NO_PIC = NO;
				GCC_NO_COMMON_BLOCKS = YES;
				GCC_OPTIMIZATION_LEVEL = 0;
				GCC_PREPROCESSOR_DEFINITIONS = (
					"DEBUG=1",
					"$(inherited)",
				);
				GCC_WARN_64_TO_32_BIT_CONVERSION = YES;
				GCC_WARN_ABOUT_RETURN_TYPE = YES_ERROR;
				GCC_WARN_UNDECLARED_SELECTOR = YES;
				GCC_WARN_UNINITIALIZED_AUTOS = YES_AGGRESSIVE;
				GCC_WARN_UNUSED_FUNCTION = YES;
				GCC_WARN_UNUSED_VARIABLE = YES;
				IPHONEOS_DEPLOYMENT_TARGET = 16.4;
				MTL_ENABLE_DEBUG_INFO = INCLUDE_SOURCE;
				MTL_FAST_MATH = YES;
				ONLY_ACTIVE_ARCH = YES;
				SDKROOT = iphoneos;
				SWIFT_ACTIVE_COMPILATION_CONDITIONS = DEBUG;
				SWIFT_OPTIMIZATION_LEVEL = "-Onone";
			};
			name = Debug;
		};
		9B3004FC2A1A9276000DD395 /* Release */ = {
			isa = XCBuildConfiguration;
			buildSettings = {
				ALWAYS_SEARCH_USER_PATHS = NO;
				CLANG_ANALYZER_NONNULL = YES;
				CLANG_ANALYZER_NUMBER_OBJECT_CONVERSION = YES_AGGRESSIVE;
				CLANG_CXX_LANGUAGE_STANDARD = "gnu++20";
				CLANG_ENABLE_MODULES = YES;
				CLANG_ENABLE_OBJC_ARC = YES;
				CLANG_ENABLE_OBJC_WEAK = YES;
				CLANG_WARN_BLOCK_CAPTURE_AUTORELEASING = YES;
				CLANG_WARN_BOOL_CONVERSION = YES;
				CLANG_WARN_COMMA = YES;
				CLANG_WARN_CONSTANT_CONVERSION = YES;
				CLANG_WARN_DEPRECATED_OBJC_IMPLEMENTATIONS = YES;
				CLANG_WARN_DIRECT_OBJC_ISA_USAGE = YES_ERROR;
				CLANG_WARN_DOCUMENTATION_COMMENTS = YES;
				CLANG_WARN_EMPTY_BODY = YES;
				CLANG_WARN_ENUM_CONVERSION = YES;
				CLANG_WARN_INFINITE_RECURSION = YES;
				CLANG_WARN_INT_CONVERSION = YES;
				CLANG_WARN_NON_LITERAL_NULL_CONVERSION = YES;
				CLANG_WARN_OBJC_IMPLICIT_RETAIN_SELF = YES;
				CLANG_WARN_OBJC_LITERAL_CONVERSION = YES;
				CLANG_WARN_OBJC_ROOT_CLASS = YES_ERROR;
				CLANG_WARN_QUOTED_INCLUDE_IN_FRAMEWORK_HEADER = YES;
				CLANG_WARN_RANGE_LOOP_ANALYSIS = YES;
				CLANG_WARN_STRICT_PROTOTYPES = YES;
				CLANG_WARN_SUSPICIOUS_MOVE = YES;
				CLANG_WARN_UNGUARDED_AVAILABILITY = YES_AGGRESSIVE;
				CLANG_WARN_UNREACHABLE_CODE = YES;
				CLANG_WARN__DUPLICATE_METHOD_MATCH = YES;
				COPY_PHASE_STRIP = NO;
				DEBUG_INFORMATION_FORMAT = "dwarf-with-dsym";
				ENABLE_NS_ASSERTIONS = NO;
				ENABLE_STRICT_OBJC_MSGSEND = YES;
				GCC_C_LANGUAGE_STANDARD = gnu11;
				GCC_NO_COMMON_BLOCKS = YES;
				GCC_WARN_64_TO_32_BIT_CONVERSION = YES;
				GCC_WARN_ABOUT_RETURN_TYPE = YES_ERROR;
				GCC_WARN_UNDECLARED_SELECTOR = YES;
				GCC_WARN_UNINITIALIZED_AUTOS = YES_AGGRESSIVE;
				GCC_WARN_UNUSED_FUNCTION = YES;
				GCC_WARN_UNUSED_VARIABLE = YES;
				IPHONEOS_DEPLOYMENT_TARGET = 16.4;
				MTL_ENABLE_DEBUG_INFO = NO;
				MTL_FAST_MATH = YES;
				SDKROOT = iphoneos;
				SWIFT_COMPILATION_MODE = wholemodule;
				SWIFT_OPTIMIZATION_LEVEL = "-O";
				VALIDATE_PRODUCT = YES;
			};
			name = Release;
		};
		9B3004FE2A1A9276000DD395 /* Debug */ = {
			isa = XCBuildConfiguration;
			buildSettings = {
				ASSETCATALOG_COMPILER_APPICON_NAME = AppIcon;
				ASSETCATALOG_COMPILER_GLOBAL_ACCENT_COLOR_NAME = AccentColor;
				CODE_SIGN_STYLE = Automatic;
				CURRENT_PROJECT_VERSION = 1;
				DEVELOPMENT_ASSET_PATHS = "\"DodgePillow/Preview Content\"";
				DEVELOPMENT_TEAM = 9299QHCW64;
				ENABLE_PREVIEWS = YES;
				GENERATE_INFOPLIST_FILE = YES;
				INFOPLIST_KEY_LSApplicationCategoryType = "public.app-category.games";
				INFOPLIST_KEY_UIApplicationSceneManifest_Generation = YES;
				INFOPLIST_KEY_UIApplicationSupportsIndirectInputEvents = YES;
				INFOPLIST_KEY_UILaunchScreen_Generation = YES;
				INFOPLIST_KEY_UISupportedInterfaceOrientations_iPad = "UIInterfaceOrientationPortrait UIInterfaceOrientationPortraitUpsideDown UIInterfaceOrientationLandscapeLeft UIInterfaceOrientationLandscapeRight";
				INFOPLIST_KEY_UISupportedInterfaceOrientations_iPhone = "UIInterfaceOrientationPortrait UIInterfaceOrientationLandscapeLeft UIInterfaceOrientationLandscapeRight";
				LD_RUNPATH_SEARCH_PATHS = (
					"$(inherited)",
					"@executable_path/Frameworks",
				);
				MARKETING_VERSION = 1.0;
				PRODUCT_BUNDLE_IDENTIFIER = dev.adryanev.DodgePillow;
				PRODUCT_NAME = "$(TARGET_NAME)";
				SWIFT_EMIT_LOC_STRINGS = YES;
				SWIFT_VERSION = 5.0;
				TARGETED_DEVICE_FAMILY = "1,2";
			};
			name = Debug;
		};
		9B3004FF2A1A9276000DD395 /* Release */ = {
			isa = XCBuildConfiguration;
			buildSettings = {
				ASSETCATALOG_COMPILER_APPICON_NAME = AppIcon;
				ASSETCATALOG_COMPILER_GLOBAL_ACCENT_COLOR_NAME = AccentColor;
				CODE_SIGN_STYLE = Automatic;
				CURRENT_PROJECT_VERSION = 1;
				DEVELOPMENT_ASSET_PATHS = "\"DodgePillow/Preview Content\"";
				DEVELOPMENT_TEAM = 9299QHCW64;
				ENABLE_PREVIEWS = YES;
				GENERATE_INFOPLIST_FILE = YES;
				INFOPLIST_KEY_LSApplicationCategoryType = "public.app-category.games";
				INFOPLIST_KEY_UIApplicationSceneManifest_Generation = YES;
				INFOPLIST_KEY_UIApplicationSupportsIndirectInputEvents = YES;
				INFOPLIST_KEY_UILaunchScreen_Generation = YES;
				INFOPLIST_KEY_UISupportedInterfaceOrientations_iPad = "UIInterfaceOrientationPortrait UIInterfaceOrientationPortraitUpsideDown UIInterfaceOrientationLandscapeLeft UIInterfaceOrientationLandscapeRight";
				INFOPLIST_KEY_UISupportedInterfaceOrientations_iPhone = "UIInterfaceOrientationPortrait UIInterfaceOrientationLandscapeLeft UIInterfaceOrientationLandscapeRight";
				LD_RUNPATH_SEARCH_PATHS = (
					"$(inherited)",
					"@executable_path/Frameworks",
				);
				MARKETING_VERSION = 1.0;
				PRODUCT_BUNDLE_IDENTIFIER = dev.adryanev.DodgePillow;
				PRODUCT_NAME = "$(TARGET_NAME)";
				SWIFT_EMIT_LOC_STRINGS = YES;
				SWIFT_VERSION = 5.0;
				TARGETED_DEVICE_FAMILY = "1,2";
			};
			name = Release;
		};
/* End XCBuildConfiguration section */

/* Begin XCConfigurationList section */
		9B3004EA2A1A9275000DD395 /* Build configuration list for PBXProject "DodgePillow" */ = {
			isa = XCConfigurationList;
			buildConfigurations = (
				9B3004FB2A1A9276000DD395 /* Debug */,
				9B3004FC2A1A9276000DD395 /* Release */,
			);
			defaultConfigurationIsVisible = 0;
			defaultConfigurationName = Release;
		};
		9B3004FD2A1A9276000DD395 /* Build configuration list for PBXNativeTarget "DodgePillow" */ = {
			isa = XCConfigurationList;
			buildConfigurations = (
				9B3004FE2A1A9276000DD395 /* Debug */,
				9B3004FF2A1A9276000DD395 /* Release */,
			);
			defaultConfigurationIsVisible = 0;
			defaultConfigurationName = Release;
		};
/* End XCConfigurationList section */
	};
	rootObject = 9B3004E72A1A9275000DD395 /* Project object */;
}
